
Microsoft Visual Studio Solution File, Format Version 12.00
Project("{2150E333-8FDC-42A3-9474-1A3956D46DE8}") = "Server", "Server", "{27026E76-8412-4E3C-8D59-F5D28289A9EA}"
EndProject
Project("{FAE04EC0-301F-11D3-BF4B-00C04F79EFBC}") = "Entities", "Entities\Entities.csproj", "{FE89947A-F2A4-4F2B-A5AF-B0B21C12FC35}"
EndProject
Project("{FAE04EC0-301F-11D3-BF4B-00C04F79EFBC}") = "RepositoryContracts", "Server\RepositoryContracts\RepositoryContracts.csproj", "{1749D29D-7EE1-4628-A139-7310084BF2AD}"
EndProject
Project("{FAE04EC0-301F-11D3-BF4B-00C04F79EFBC}") = "InMemoryRepositories", "Server\InMemoryRepositories\InMemoryRepositories.csproj", "{03718BEE-7259-47ED-9670-E5BC0E29C80B}"
EndProject
Project("{FAE04EC0-301F-11D3-BF4B-00C04F79EFBC}") = "CLI", "Server\CLI\CLI.csproj", "{2F2FA33D-2B8E-4B9C-B0B9-F43D13D28215}"
EndProject
Project("{FAE04EC0-301F-11D3-BF4B-00C04F79EFBC}") = "FileRepositories", "Server\FileRepositories\FileRepositories.csproj", "{A2209342-0BE1-4911-AB99-02DFF1BCA0DA}"
EndProject
Project("{2150E333-8FDC-42A3-9474-1A3956D46DE8}") = "Shared", "Shared", "{09B52673-10AE-43BB-9274-7B8B508D4302}"
EndProject
Project("{FAE04EC0-301F-11D3-BF4B-00C04F79EFBC}") = "DTOs", "DTOs\DTOs.csproj", "{FC4DD3F0-6001-47A2-9748-2AA513B74503}"
EndProject
Global
	GlobalSection(SolutionConfigurationPlatforms) = preSolution
		Debug|Any CPU = Debug|Any CPU
		Release|Any CPU = Release|Any CPU
	EndGlobalSection
	GlobalSection(NestedProjects) = preSolution
		{FE89947A-F2A4-4F2B-A5AF-B0B21C12FC35} = {27026E76-8412-4E3C-8D59-F5D28289A9EA}
		{1749D29D-7EE1-4628-A139-7310084BF2AD} = {27026E76-8412-4E3C-8D59-F5D28289A9EA}
		{03718BEE-7259-47ED-9670-E5BC0E29C80B} = {27026E76-8412-4E3C-8D59-F5D28289A9EA}
		{2F2FA33D-2B8E-4B9C-B0B9-F43D13D28215} = {27026E76-8412-4E3C-8D59-F5D28289A9EA}
		{A2209342-0BE1-4911-AB99-02DFF1BCA0DA} = {27026E76-8412-4E3C-8D59-F5D28289A9EA}
		{FC4DD3F0-6001-47A2-9748-2AA513B74503} = {09B52673-10AE-43BB-9274-7B8B508D4302}
	EndGlobalSection
	GlobalSection(ProjectConfigurationPlatforms) = postSolution
		{FE89947A-F2A4-4F2B-A5AF-B0B21C12FC35}.Debug|Any CPU.ActiveCfg = Debug|Any CPU
		{FE89947A-F2A4-4F2B-A5AF-B0B21C12FC35}.Debug|Any CPU.Build.0 = Debug|Any CPU
		{FE89947A-F2A4-4F2B-A5AF-B0B21C12FC35}.Release|Any CPU.ActiveCfg = Release|Any CPU
		{FE89947A-F2A4-4F2B-A5AF-B0B21C12FC35}.Release|Any CPU.Build.0 = Release|Any CPU
		{1749D29D-7EE1-4628-A139-7310084BF2AD}.Debug|Any CPU.ActiveCfg = Debug|Any CPU
		{1749D29D-7EE1-4628-A139-7310084BF2AD}.Debug|Any CPU.Build.0 = Debug|Any CPU
		{1749D29D-7EE1-4628-A139-7310084BF2AD}.Release|Any CPU.ActiveCfg = Release|Any CPU
		{1749D29D-7EE1-4628-A139-7310084BF2AD}.Release|Any CPU.Build.0 = Release|Any CPU
		{03718BEE-7259-47ED-9670-E5BC0E29C80B}.Debug|Any CPU.ActiveCfg = Debug|Any CPU
		{03718BEE-7259-47ED-9670-E5BC0E29C80B}.Debug|Any CPU.Build.0 = Debug|Any CPU
		{03718BEE-7259-47ED-9670-E5BC0E29C80B}.Release|Any CPU.ActiveCfg = Release|Any CPU
		{03718BEE-7259-47ED-9670-E5BC0E29C80B}.Release|Any CPU.Build.0 = Release|Any CPU
		{2F2FA33D-2B8E-4B9C-B0B9-F43D13D28215}.Debug|Any CPU.ActiveCfg = Debug|Any CPU
		{2F2FA33D-2B8E-4B9C-B0B9-F43D13D28215}.Debug|Any CPU.Build.0 = Debug|Any CPU
		{2F2FA33D-2B8E-4B9C-B0B9-F43D13D28215}.Release|Any CPU.ActiveCfg = Release|Any CPU
		{2F2FA33D-2B8E-4B9C-B0B9-F43D13D28215}.Release|Any CPU.Build.0 = Release|Any CPU
		{A2209342-0BE1-4911-AB99-02DFF1BCA0DA}.Debug|Any CPU.ActiveCfg = Debug|Any CPU
		{A2209342-0BE1-4911-AB99-02DFF1BCA0DA}.Debug|Any CPU.Build.0 = Debug|Any CPU
		{A2209342-0BE1-4911-AB99-02DFF1BCA0DA}.Release|Any CPU.ActiveCfg = Release|Any CPU
		{A2209342-0BE1-4911-AB99-02DFF1BCA0DA}.Release|Any CPU.Build.0 = Release|Any CPU
		{FC4DD3F0-6001-47A2-9748-2AA513B74503}.Debug|Any CPU.ActiveCfg = Debug|Any CPU
		{FC4DD3F0-6001-47A2-9748-2AA513B74503}.Debug|Any CPU.Build.0 = Debug|Any CPU
		{FC4DD3F0-6001-47A2-9748-2AA513B74503}.Release|Any CPU.ActiveCfg = Release|Any CPU
		{FC4DD3F0-6001-47A2-9748-2AA513B74503}.Release|Any CPU.Build.0 = Release|Any CPU
	EndGlobalSection
EndGlobal
