
Microsoft Visual Studio Solution File, Format Version 12.00
Project("{2150E333-8FDC-42A3-9474-1A3956D46DE8}") = "Server", "Server", "{27026E76-8412-4E3C-8D59-F5D28289A9EA}"
EndProject
Project("{FAE04EC0-301F-11D3-BF4B-00C04F79EFBC}") = "Entities", "Entities\Entities.csproj", "{FE89947A-F2A4-4F2B-A5AF-B0B21C12FC35}"
EndProject
Project("{FAE04EC0-301F-11D3-BF4B-00C04F79EFBC}") = "RepositoryContracts", "Server\RepositoryContracts\RepositoryContracts.csproj", "{1749D29D-7EE1-4628-A139-7310084BF2AD}"
EndProject
Project("{FAE04EC0-301F-11D3-BF4B-00C04F79EFBC}") = "InMemoryRepositories", "Server\InMemoryRepositories\InMemoryRepositories.csproj", "{03718BEE-7259-47ED-9670-E5BC0E29C80B}"
EndProject
Global
	GlobalSection(SolutionConfigurationPlatforms) = preSolution
		Debug|Any CPU = Debug|Any CPU
		Release|Any CPU = Release|Any CPU
	EndGlobalSection
	GlobalSection(NestedProjects) = preSolution
		{FE89947A-F2A4-4F2B-A5AF-B0B21C12FC35} = {27026E76-8412-4E3C-8D59-F5D28289A9EA}
		{1749D29D-7EE1-4628-A139-7310084BF2AD} = {27026E76-8412-4E3C-8D59-F5D28289A9EA}
		{03718BEE-7259-47ED-9670-E5BC0E29C80B} = {27026E76-8412-4E3C-8D59-F5D28289A9EA}
	EndGlobalSection
	GlobalSection(ProjectConfigurationPlatforms) = postSolution
		{FE89947A-F2A4-4F2B-A5AF-B0B21C12FC35}.Debug|Any CPU.ActiveCfg = Debug|Any CPU
		{FE89947A-F2A4-4F2B-A5AF-B0B21C12FC35}.Debug|Any CPU.Build.0 = Debug|Any CPU
		{FE89947A-F2A4-4F2B-A5AF-B0B21C12FC35}.Release|Any CPU.ActiveCfg = Release|Any CPU
		{FE89947A-F2A4-4F2B-A5AF-B0B21C12FC35}.Release|Any CPU.Build.0 = Release|Any CPU
		{1749D29D-7EE1-4628-A139-7310084BF2AD}.Debug|Any CPU.ActiveCfg = Debug|Any CPU
		{1749D29D-7EE1-4628-A139-7310084BF2AD}.Debug|Any CPU.Build.0 = Debug|Any CPU
		{1749D29D-7EE1-4628-A139-7310084BF2AD}.Release|Any CPU.ActiveCfg = Release|Any CPU
		{1749D29D-7EE1-4628-A139-7310084BF2AD}.Release|Any CPU.Build.0 = Release|Any CPU
		{03718BEE-7259-47ED-9670-E5BC0E29C80B}.Debug|Any CPU.ActiveCfg = Debug|Any CPU
		{03718BEE-7259-47ED-9670-E5BC0E29C80B}.Debug|Any CPU.Build.0 = Debug|Any CPU
		{03718BEE-7259-47ED-9670-E5BC0E29C80B}.Release|Any CPU.ActiveCfg = Release|Any CPU
		{03718BEE-7259-47ED-9670-E5BC0E29C80B}.Release|Any CPU.Build.0 = Release|Any CPU
	EndGlobalSection
EndGlobal
